
Microsoft Visual Studio Solution File, Format Version 12.00
# Visual Studio Version 17
VisualStudioVersion = 17.14.36518.9 d17.14
MinimumVisualStudioVersion = 10.0.40219.1
Project("{FAE04EC0-301F-11D3-BF4B-00C04F79EFBC}") = "FIRST", "FIRST\FIRST.csproj", "{1004BCEE-ABFC-4052-B6B6-D98791194229}"
EndProject
Global
	GlobalSection(SolutionConfigurationPlatforms) = preSolution
		Debug|Any CPU = Debug|Any CPU
		Release|Any CPU = Release|Any CPU
	EndGlobalSection
	GlobalSection(ProjectConfigurationPlatforms) = postSolution
		{1004BCEE-ABFC-4052-B6B6-D98791194229}.Debug|Any CPU.ActiveCfg = Debug|Any CPU
		{1004BCEE-ABFC-4052-B6B6-D98791194229}.Debug|Any CPU.Build.0 = Debug|Any CPU
		{1004BCEE-ABFC-4052-B6B6-D98791194229}.Release|Any CPU.ActiveCfg = Release|Any CPU
		{1004BCEE-ABFC-4052-B6B6-D98791194229}.Release|Any CPU.Build.0 = Release|Any CPU
	EndGlobalSection
	GlobalSection(SolutionProperties) = preSolution
		HideSolutionNode = FALSE
	EndGlobalSection
	GlobalSection(ExtensibilityGlobals) = postSolution
		SolutionGuid = {E7676C8D-D3B9-4596-A998-BEC0F8C8EAB9}
	EndGlobalSection
EndGlobal
